// !$*UTF8*$!
{
	archiveVersion = 1;
	classes = {
	};
	objectVersion = 56;
	objects = {

/* Begin PBXBuildFile section */
		249856DB8B65DC8A84C16FFF /* Pods_LeBaluchonTests.framework in Frameworks */ = {isa = PBXBuildFile; fileRef = ECF9E793913601AE19AE5594 /* Pods_LeBaluchonTests.framework */; };
		38D2A4D32A2F2B9E0093115C /* Constants.swift in Sources */ = {isa = PBXBuildFile; fileRef = 38D2A4D22A2F2B9E0093115C /* Constants.swift */; };
		38E788ED2A1F97F8003C8A57 /* AppDelegate.swift in Sources */ = {isa = PBXBuildFile; fileRef = 38E788EC2A1F97F8003C8A57 /* AppDelegate.swift */; };
		38E788EF2A1F97F8003C8A57 /* SceneDelegate.swift in Sources */ = {isa = PBXBuildFile; fileRef = 38E788EE2A1F97F8003C8A57 /* SceneDelegate.swift */; };
		38E788F12A1F97F8003C8A57 /* ConversionViewController.swift in Sources */ = {isa = PBXBuildFile; fileRef = 38E788F02A1F97F8003C8A57 /* ConversionViewController.swift */; };
		38E788F42A1F97F8003C8A57 /* Main.storyboard in Resources */ = {isa = PBXBuildFile; fileRef = 38E788F22A1F97F8003C8A57 /* Main.storyboard */; };
		38E788F62A1F97F9003C8A57 /* Assets.xcassets in Resources */ = {isa = PBXBuildFile; fileRef = 38E788F52A1F97F9003C8A57 /* Assets.xcassets */; };
		38E788F92A1F97F9003C8A57 /* LaunchScreen.storyboard in Resources */ = {isa = PBXBuildFile; fileRef = 38E788F72A1F97F9003C8A57 /* LaunchScreen.storyboard */; };
		38E789042A1F97F9003C8A57 /* ConversionTests.swift in Sources */ = {isa = PBXBuildFile; fileRef = 38E789032A1F97F9003C8A57 /* ConversionTests.swift */; };
		38E789692A25F0F3003C8A57 /* TranslationViewController.swift in Sources */ = {isa = PBXBuildFile; fileRef = 38E789682A25F0F3003C8A57 /* TranslationViewController.swift */; };
		38E7896B2A25F100003C8A57 /* WeatherViewController.swift in Sources */ = {isa = PBXBuildFile; fileRef = 38E7896A2A25F100003C8A57 /* WeatherViewController.swift */; };
		38E7896F2A26434E003C8A57 /* Colors.swift in Sources */ = {isa = PBXBuildFile; fileRef = 38E7896E2A26434E003C8A57 /* Colors.swift */; };
		38E789762A274E2A003C8A57 /* CurrencyService.swift in Sources */ = {isa = PBXBuildFile; fileRef = 38E789752A274E2A003C8A57 /* CurrencyService.swift */; };
		38E789792A278011003C8A57 /* Currency.swift in Sources */ = {isa = PBXBuildFile; fileRef = 38E789782A278011003C8A57 /* Currency.swift */; };
		38E7897B2A289277003C8A57 /* MoneyFormatter.swift in Sources */ = {isa = PBXBuildFile; fileRef = 38E7897A2A289277003C8A57 /* MoneyFormatter.swift */; };
		38E7897D2A28D0C5003C8A57 /* MoneyFormatterTests.swift in Sources */ = {isa = PBXBuildFile; fileRef = 38E7897C2A28D0C5003C8A57 /* MoneyFormatterTests.swift */; };
		38E789802A28D761003C8A57 /* Rates.json in Resources */ = {isa = PBXBuildFile; fileRef = 38E7897F2A28D761003C8A57 /* Rates.json */; };
		38E789822A28E45E003C8A57 /* FakeResponeData.swift in Sources */ = {isa = PBXBuildFile; fileRef = 38E789812A28E45E003C8A57 /* FakeResponeData.swift */; };
		38E789842A28E6A4003C8A57 /* URLSessionFake.swift in Sources */ = {isa = PBXBuildFile; fileRef = 38E789832A28E6A4003C8A57 /* URLSessionFake.swift */; };
		6747A461BCC1B98CD415670D /* Pods_LeBaluchon.framework in Frameworks */ = {isa = PBXBuildFile; fileRef = 363B41954987C8652969D9EE /* Pods_LeBaluchon.framework */; };
/* End PBXBuildFile section */

/* Begin PBXContainerItemProxy section */
		38E789002A1F97F9003C8A57 /* PBXContainerItemProxy */ = {
			isa = PBXContainerItemProxy;
			containerPortal = 38E788E12A1F97F8003C8A57 /* Project object */;
			proxyType = 1;
			remoteGlobalIDString = 38E788E82A1F97F8003C8A57;
			remoteInfo = LeBaluchon;
		};
/* End PBXContainerItemProxy section */

/* Begin PBXFileReference section */
		2B28922A29E69B5B9D962B05 /* Pods-LeBaluchon.release.xcconfig */ = {isa = PBXFileReference; includeInIndex = 1; lastKnownFileType = text.xcconfig; name = "Pods-LeBaluchon.release.xcconfig"; path = "Target Support Files/Pods-LeBaluchon/Pods-LeBaluchon.release.xcconfig"; sourceTree = "<group>"; };
		363B41954987C8652969D9EE /* Pods_LeBaluchon.framework */ = {isa = PBXFileReference; explicitFileType = wrapper.framework; includeInIndex = 0; path = Pods_LeBaluchon.framework; sourceTree = BUILT_PRODUCTS_DIR; };
		38D2A4D22A2F2B9E0093115C /* Constants.swift */ = {isa = PBXFileReference; lastKnownFileType = sourcecode.swift; path = Constants.swift; sourceTree = "<group>"; };
		38E788E92A1F97F8003C8A57 /* LeBaluchon.app */ = {isa = PBXFileReference; explicitFileType = wrapper.application; includeInIndex = 0; path = LeBaluchon.app; sourceTree = BUILT_PRODUCTS_DIR; };
		38E788EC2A1F97F8003C8A57 /* AppDelegate.swift */ = {isa = PBXFileReference; lastKnownFileType = sourcecode.swift; path = AppDelegate.swift; sourceTree = "<group>"; };
		38E788EE2A1F97F8003C8A57 /* SceneDelegate.swift */ = {isa = PBXFileReference; lastKnownFileType = sourcecode.swift; path = SceneDelegate.swift; sourceTree = "<group>"; };
		38E788F02A1F97F8003C8A57 /* ConversionViewController.swift */ = {isa = PBXFileReference; lastKnownFileType = sourcecode.swift; path = ConversionViewController.swift; sourceTree = "<group>"; };
		38E788F32A1F97F8003C8A57 /* Base */ = {isa = PBXFileReference; lastKnownFileType = file.storyboard; name = Base; path = Base.lproj/Main.storyboard; sourceTree = "<group>"; };
		38E788F52A1F97F9003C8A57 /* Assets.xcassets */ = {isa = PBXFileReference; lastKnownFileType = folder.assetcatalog; path = Assets.xcassets; sourceTree = "<group>"; };
		38E788F82A1F97F9003C8A57 /* Base */ = {isa = PBXFileReference; lastKnownFileType = file.storyboard; name = Base; path = Base.lproj/LaunchScreen.storyboard; sourceTree = "<group>"; };
		38E788FA2A1F97F9003C8A57 /* Info.plist */ = {isa = PBXFileReference; lastKnownFileType = text.plist.xml; path = Info.plist; sourceTree = "<group>"; };
		38E788FF2A1F97F9003C8A57 /* LeBaluchonTests.xctest */ = {isa = PBXFileReference; explicitFileType = wrapper.cfbundle; includeInIndex = 0; path = LeBaluchonTests.xctest; sourceTree = BUILT_PRODUCTS_DIR; };
		38E789032A1F97F9003C8A57 /* ConversionTests.swift */ = {isa = PBXFileReference; lastKnownFileType = sourcecode.swift; path = ConversionTests.swift; sourceTree = "<group>"; };
		38E789682A25F0F3003C8A57 /* TranslationViewController.swift */ = {isa = PBXFileReference; lastKnownFileType = sourcecode.swift; path = TranslationViewController.swift; sourceTree = "<group>"; };
		38E7896A2A25F100003C8A57 /* WeatherViewController.swift */ = {isa = PBXFileReference; lastKnownFileType = sourcecode.swift; path = WeatherViewController.swift; sourceTree = "<group>"; };
		38E7896E2A26434E003C8A57 /* Colors.swift */ = {isa = PBXFileReference; lastKnownFileType = sourcecode.swift; path = Colors.swift; sourceTree = "<group>"; };
		38E789752A274E2A003C8A57 /* CurrencyService.swift */ = {isa = PBXFileReference; lastKnownFileType = sourcecode.swift; path = CurrencyService.swift; sourceTree = "<group>"; };
		38E789782A278011003C8A57 /* Currency.swift */ = {isa = PBXFileReference; lastKnownFileType = sourcecode.swift; path = Currency.swift; sourceTree = "<group>"; };
		38E7897A2A289277003C8A57 /* MoneyFormatter.swift */ = {isa = PBXFileReference; lastKnownFileType = sourcecode.swift; path = MoneyFormatter.swift; sourceTree = "<group>"; };
		38E7897C2A28D0C5003C8A57 /* MoneyFormatterTests.swift */ = {isa = PBXFileReference; lastKnownFileType = sourcecode.swift; path = MoneyFormatterTests.swift; sourceTree = "<group>"; };
		38E7897F2A28D761003C8A57 /* Rates.json */ = {isa = PBXFileReference; lastKnownFileType = text.json; path = Rates.json; sourceTree = "<group>"; };
		38E789812A28E45E003C8A57 /* FakeResponeData.swift */ = {isa = PBXFileReference; lastKnownFileType = sourcecode.swift; path = FakeResponeData.swift; sourceTree = "<group>"; };
		38E789832A28E6A4003C8A57 /* URLSessionFake.swift */ = {isa = PBXFileReference; lastKnownFileType = sourcecode.swift; path = URLSessionFake.swift; sourceTree = "<group>"; };
		D649B80AA59DA7E6C487BFB6 /* Pods-LeBaluchon.debug.xcconfig */ = {isa = PBXFileReference; includeInIndex = 1; lastKnownFileType = text.xcconfig; name = "Pods-LeBaluchon.debug.xcconfig"; path = "Target Support Files/Pods-LeBaluchon/Pods-LeBaluchon.debug.xcconfig"; sourceTree = "<group>"; };
		E6C76C581FDB5FF840EDA7D5 /* Pods-LeBaluchonTests.release.xcconfig */ = {isa = PBXFileReference; includeInIndex = 1; lastKnownFileType = text.xcconfig; name = "Pods-LeBaluchonTests.release.xcconfig"; path = "Target Support Files/Pods-LeBaluchonTests/Pods-LeBaluchonTests.release.xcconfig"; sourceTree = "<group>"; };
		ECF9E793913601AE19AE5594 /* Pods_LeBaluchonTests.framework */ = {isa = PBXFileReference; explicitFileType = wrapper.framework; includeInIndex = 0; path = Pods_LeBaluchonTests.framework; sourceTree = BUILT_PRODUCTS_DIR; };
		EF508E53222BFD5137FBBBA7 /* Pods-LeBaluchonTests.debug.xcconfig */ = {isa = PBXFileReference; includeInIndex = 1; lastKnownFileType = text.xcconfig; name = "Pods-LeBaluchonTests.debug.xcconfig"; path = "Target Support Files/Pods-LeBaluchonTests/Pods-LeBaluchonTests.debug.xcconfig"; sourceTree = "<group>"; };
/* End PBXFileReference section */

/* Begin PBXFrameworksBuildPhase section */
		38E788E62A1F97F8003C8A57 /* Frameworks */ = {
			isa = PBXFrameworksBuildPhase;
			buildActionMask = 2147483647;
			files = (
				6747A461BCC1B98CD415670D /* Pods_LeBaluchon.framework in Frameworks */,
			);
			runOnlyForDeploymentPostprocessing = 0;
		};
		38E788FC2A1F97F9003C8A57 /* Frameworks */ = {
			isa = PBXFrameworksBuildPhase;
			buildActionMask = 2147483647;
			files = (
				249856DB8B65DC8A84C16FFF /* Pods_LeBaluchonTests.framework in Frameworks */,
			);
			runOnlyForDeploymentPostprocessing = 0;
		};
/* End PBXFrameworksBuildPhase section */

/* Begin PBXGroup section */
		23929A77D7948DF160116FB5 /* Pods */ = {
			isa = PBXGroup;
			children = (
				D649B80AA59DA7E6C487BFB6 /* Pods-LeBaluchon.debug.xcconfig */,
				2B28922A29E69B5B9D962B05 /* Pods-LeBaluchon.release.xcconfig */,
				EF508E53222BFD5137FBBBA7 /* Pods-LeBaluchonTests.debug.xcconfig */,
				E6C76C581FDB5FF840EDA7D5 /* Pods-LeBaluchonTests.release.xcconfig */,
			);
			path = Pods;
			sourceTree = "<group>";
		};
		38E788E02A1F97F8003C8A57 = {
			isa = PBXGroup;
			children = (
				38E788EB2A1F97F8003C8A57 /* LeBaluchon */,
				38E789022A1F97F9003C8A57 /* LeBaluchonTests */,
				38E788EA2A1F97F8003C8A57 /* Products */,
				23929A77D7948DF160116FB5 /* Pods */,
				A2E54656DC1B2581B7E44777 /* Frameworks */,
			);
			sourceTree = "<group>";
		};
		38E788EA2A1F97F8003C8A57 /* Products */ = {
			isa = PBXGroup;
			children = (
				38E788E92A1F97F8003C8A57 /* LeBaluchon.app */,
				38E788FF2A1F97F9003C8A57 /* LeBaluchonTests.xctest */,
			);
			name = Products;
			sourceTree = "<group>";
		};
		38E788EB2A1F97F8003C8A57 /* LeBaluchon */ = {
			isa = PBXGroup;
			children = (
				38E788FA2A1F97F9003C8A57 /* Info.plist */,
				38E7891C2A1F9815003C8A57 /* Model */,
				38E7891D2A1F981B003C8A57 /* View */,
				38E7891E2A1F9890003C8A57 /* Controller */,
				38E7891F2A1F98AA003C8A57 /* Utilities */,
				38E789202A1F98B1003C8A57 /* Supporting Files */,
			);
			path = LeBaluchon;
			sourceTree = "<group>";
		};
		38E789022A1F97F9003C8A57 /* LeBaluchonTests */ = {
			isa = PBXGroup;
			children = (
				38E7897E2A28D73B003C8A57 /* Conversion */,
			);
			path = LeBaluchonTests;
			sourceTree = "<group>";
		};
		38E7891C2A1F9815003C8A57 /* Model */ = {
			isa = PBXGroup;
			children = (
				38E789702A265158003C8A57 /* Conversion */,
				38E789722A265171003C8A57 /* Translation */,
				38E789712A26516C003C8A57 /* Weather */,
			);
			path = Model;
			sourceTree = "<group>";
		};
		38E7891D2A1F981B003C8A57 /* View */ = {
			isa = PBXGroup;
			children = (
				38E788F22A1F97F8003C8A57 /* Main.storyboard */,
			);
			path = View;
			sourceTree = "<group>";
		};
		38E7891E2A1F9890003C8A57 /* Controller */ = {
			isa = PBXGroup;
			children = (
				38E788F02A1F97F8003C8A57 /* ConversionViewController.swift */,
				38E789682A25F0F3003C8A57 /* TranslationViewController.swift */,
				38E7896A2A25F100003C8A57 /* WeatherViewController.swift */,
			);
			path = Controller;
			sourceTree = "<group>";
		};
		38E7891F2A1F98AA003C8A57 /* Utilities */ = {
			isa = PBXGroup;
			children = (
				38E7896E2A26434E003C8A57 /* Colors.swift */,
				38E7897A2A289277003C8A57 /* MoneyFormatter.swift */,
				38D2A4D22A2F2B9E0093115C /* Constants.swift */,
			);
			path = Utilities;
			sourceTree = "<group>";
		};
		38E789202A1F98B1003C8A57 /* Supporting Files */ = {
			isa = PBXGroup;
			children = (
				38E788EC2A1F97F8003C8A57 /* AppDelegate.swift */,
				38E788EE2A1F97F8003C8A57 /* SceneDelegate.swift */,
				38E788F52A1F97F9003C8A57 /* Assets.xcassets */,
				38E788F72A1F97F9003C8A57 /* LaunchScreen.storyboard */,
			);
			path = "Supporting Files";
			sourceTree = "<group>";
		};
		38E789702A265158003C8A57 /* Conversion */ = {
			isa = PBXGroup;
			children = (
				38E789752A274E2A003C8A57 /* CurrencyService.swift */,
				38E789782A278011003C8A57 /* Currency.swift */,
			);
			path = Conversion;
			sourceTree = "<group>";
		};
		38E789712A26516C003C8A57 /* Weather */ = {
			isa = PBXGroup;
			children = (
			);
			path = Weather;
			sourceTree = "<group>";
		};
		38E789722A265171003C8A57 /* Translation */ = {
			isa = PBXGroup;
			children = (
			);
			path = Translation;
			sourceTree = "<group>";
		};
		38E7897E2A28D73B003C8A57 /* Conversion */ = {
			isa = PBXGroup;
			children = (
				38E789032A1F97F9003C8A57 /* ConversionTests.swift */,
				38E7897C2A28D0C5003C8A57 /* MoneyFormatterTests.swift */,
				38E7897F2A28D761003C8A57 /* Rates.json */,
				38E789812A28E45E003C8A57 /* FakeResponeData.swift */,
				38E789832A28E6A4003C8A57 /* URLSessionFake.swift */,
			);
			path = Conversion;
			sourceTree = "<group>";
		};
		A2E54656DC1B2581B7E44777 /* Frameworks */ = {
			isa = PBXGroup;
			children = (
				363B41954987C8652969D9EE /* Pods_LeBaluchon.framework */,
				ECF9E793913601AE19AE5594 /* Pods_LeBaluchonTests.framework */,
			);
			name = Frameworks;
			sourceTree = "<group>";
		};
/* End PBXGroup section */

/* Begin PBXNativeTarget section */
		38E788E82A1F97F8003C8A57 /* LeBaluchon */ = {
			isa = PBXNativeTarget;
			buildConfigurationList = 38E789132A1F97F9003C8A57 /* Build configuration list for PBXNativeTarget "LeBaluchon" */;
			buildPhases = (
				890489C6779ADD11C052C89C /* [CP] Check Pods Manifest.lock */,
				38E788E52A1F97F8003C8A57 /* Sources */,
				38E788E62A1F97F8003C8A57 /* Frameworks */,
				38E788E72A1F97F8003C8A57 /* Resources */,
			);
			buildRules = (
			);
			dependencies = (
			);
			name = LeBaluchon;
			productName = LeBaluchon;
			productReference = 38E788E92A1F97F8003C8A57 /* LeBaluchon.app */;
			productType = "com.apple.product-type.application";
		};
		38E788FE2A1F97F9003C8A57 /* LeBaluchonTests */ = {
			isa = PBXNativeTarget;
			buildConfigurationList = 38E789162A1F97F9003C8A57 /* Build configuration list for PBXNativeTarget "LeBaluchonTests" */;
			buildPhases = (
				FF0CAEF134C8311574D2B685 /* [CP] Check Pods Manifest.lock */,
				38E788FB2A1F97F9003C8A57 /* Sources */,
				38E788FC2A1F97F9003C8A57 /* Frameworks */,
				38E788FD2A1F97F9003C8A57 /* Resources */,
			);
			buildRules = (
			);
			dependencies = (
				38E789012A1F97F9003C8A57 /* PBXTargetDependency */,
			);
			name = LeBaluchonTests;
			productName = LeBaluchonTests;
			productReference = 38E788FF2A1F97F9003C8A57 /* LeBaluchonTests.xctest */;
			productType = "com.apple.product-type.bundle.unit-test";
		};
/* End PBXNativeTarget section */

/* Begin PBXProject section */
		38E788E12A1F97F8003C8A57 /* Project object */ = {
			isa = PBXProject;
			attributes = {
				BuildIndependentTargetsInParallel = 1;
				LastSwiftUpdateCheck = 1430;
				LastUpgradeCheck = 1430;
				TargetAttributes = {
					38E788E82A1F97F8003C8A57 = {
						CreatedOnToolsVersion = 14.3;
					};
					38E788FE2A1F97F9003C8A57 = {
						CreatedOnToolsVersion = 14.3;
						TestTargetID = 38E788E82A1F97F8003C8A57;
					};
				};
			};
			buildConfigurationList = 38E788E42A1F97F8003C8A57 /* Build configuration list for PBXProject "LeBaluchon" */;
			compatibilityVersion = "Xcode 14.0";
			developmentRegion = en;
			hasScannedForEncodings = 0;
			knownRegions = (
				en,
				Base,
			);
			mainGroup = 38E788E02A1F97F8003C8A57;
			productRefGroup = 38E788EA2A1F97F8003C8A57 /* Products */;
			projectDirPath = "";
			projectRoot = "";
			targets = (
				38E788E82A1F97F8003C8A57 /* LeBaluchon */,
				38E788FE2A1F97F9003C8A57 /* LeBaluchonTests */,
			);
		};
/* End PBXProject section */

/* Begin PBXResourcesBuildPhase section */
		38E788E72A1F97F8003C8A57 /* Resources */ = {
			isa = PBXResourcesBuildPhase;
			buildActionMask = 2147483647;
			files = (
				38E788F92A1F97F9003C8A57 /* LaunchScreen.storyboard in Resources */,
				38E788F62A1F97F9003C8A57 /* Assets.xcassets in Resources */,
				38E788F42A1F97F8003C8A57 /* Main.storyboard in Resources */,
			);
			runOnlyForDeploymentPostprocessing = 0;
		};
		38E788FD2A1F97F9003C8A57 /* Resources */ = {
			isa = PBXResourcesBuildPhase;
			buildActionMask = 2147483647;
			files = (
				38E789802A28D761003C8A57 /* Rates.json in Resources */,
			);
			runOnlyForDeploymentPostprocessing = 0;
		};
/* End PBXResourcesBuildPhase section */

/* Begin PBXShellScriptBuildPhase section */
		890489C6779ADD11C052C89C /* [CP] Check Pods Manifest.lock */ = {
			isa = PBXShellScriptBuildPhase;
			buildActionMask = 2147483647;
			files = (
			);
			inputFileListPaths = (
			);
			inputPaths = (
				"${PODS_PODFILE_DIR_PATH}/Podfile.lock",
				"${PODS_ROOT}/Manifest.lock",
			);
			name = "[CP] Check Pods Manifest.lock";
			outputFileListPaths = (
			);
			outputPaths = (
				"$(DERIVED_FILE_DIR)/Pods-LeBaluchon-checkManifestLockResult.txt",
			);
			runOnlyForDeploymentPostprocessing = 0;
			shellPath = /bin/sh;
			shellScript = "diff \"${PODS_PODFILE_DIR_PATH}/Podfile.lock\" \"${PODS_ROOT}/Manifest.lock\" > /dev/null\nif [ $? != 0 ] ; then\n    # print error to STDERR\n    echo \"error: The sandbox is not in sync with the Podfile.lock. Run 'pod install' or update your CocoaPods installation.\" >&2\n    exit 1\nfi\n# This output is used by Xcode 'outputs' to avoid re-running this script phase.\necho \"SUCCESS\" > \"${SCRIPT_OUTPUT_FILE_0}\"\n";
			showEnvVarsInLog = 0;
		};
		FF0CAEF134C8311574D2B685 /* [CP] Check Pods Manifest.lock */ = {
			isa = PBXShellScriptBuildPhase;
			buildActionMask = 2147483647;
			files = (
			);
			inputFileListPaths = (
			);
			inputPaths = (
				"${PODS_PODFILE_DIR_PATH}/Podfile.lock",
				"${PODS_ROOT}/Manifest.lock",
			);
			name = "[CP] Check Pods Manifest.lock";
			outputFileListPaths = (
			);
			outputPaths = (
				"$(DERIVED_FILE_DIR)/Pods-LeBaluchonTests-checkManifestLockResult.txt",
			);
			runOnlyForDeploymentPostprocessing = 0;
			shellPath = /bin/sh;
			shellScript = "diff \"${PODS_PODFILE_DIR_PATH}/Podfile.lock\" \"${PODS_ROOT}/Manifest.lock\" > /dev/null\nif [ $? != 0 ] ; then\n    # print error to STDERR\n    echo \"error: The sandbox is not in sync with the Podfile.lock. Run 'pod install' or update your CocoaPods installation.\" >&2\n    exit 1\nfi\n# This output is used by Xcode 'outputs' to avoid re-running this script phase.\necho \"SUCCESS\" > \"${SCRIPT_OUTPUT_FILE_0}\"\n";
			showEnvVarsInLog = 0;
		};
/* End PBXShellScriptBuildPhase section */

/* Begin PBXSourcesBuildPhase section */
		38E788E52A1F97F8003C8A57 /* Sources */ = {
			isa = PBXSourcesBuildPhase;
			buildActionMask = 2147483647;
			files = (
				38E789692A25F0F3003C8A57 /* TranslationViewController.swift in Sources */,
				38E7896F2A26434E003C8A57 /* Colors.swift in Sources */,
				38E7896B2A25F100003C8A57 /* WeatherViewController.swift in Sources */,
				38E788F12A1F97F8003C8A57 /* ConversionViewController.swift in Sources */,
				38E789792A278011003C8A57 /* Currency.swift in Sources */,
				38D2A4D32A2F2B9E0093115C /* Constants.swift in Sources */,
				38E789762A274E2A003C8A57 /* CurrencyService.swift in Sources */,
				38E788ED2A1F97F8003C8A57 /* AppDelegate.swift in Sources */,
				38E7897B2A289277003C8A57 /* MoneyFormatter.swift in Sources */,
				38E788EF2A1F97F8003C8A57 /* SceneDelegate.swift in Sources */,
			);
			runOnlyForDeploymentPostprocessing = 0;
		};
		38E788FB2A1F97F9003C8A57 /* Sources */ = {
			isa = PBXSourcesBuildPhase;
			buildActionMask = 2147483647;
			files = (
				38E789822A28E45E003C8A57 /* FakeResponeData.swift in Sources */,
				38E789842A28E6A4003C8A57 /* URLSessionFake.swift in Sources */,
				38E789042A1F97F9003C8A57 /* ConversionTests.swift in Sources */,
				38E7897D2A28D0C5003C8A57 /* MoneyFormatterTests.swift in Sources */,
			);
			runOnlyForDeploymentPostprocessing = 0;
		};
/* End PBXSourcesBuildPhase section */

/* Begin PBXTargetDependency section */
		38E789012A1F97F9003C8A57 /* PBXTargetDependency */ = {
			isa = PBXTargetDependency;
			target = 38E788E82A1F97F8003C8A57 /* LeBaluchon */;
			targetProxy = 38E789002A1F97F9003C8A57 /* PBXContainerItemProxy */;
		};
/* End PBXTargetDependency section */

/* Begin PBXVariantGroup section */
		38E788F22A1F97F8003C8A57 /* Main.storyboard */ = {
			isa = PBXVariantGroup;
			children = (
				38E788F32A1F97F8003C8A57 /* Base */,
			);
			name = Main.storyboard;
			sourceTree = "<group>";
		};
		38E788F72A1F97F9003C8A57 /* LaunchScreen.storyboard */ = {
			isa = PBXVariantGroup;
			children = (
				38E788F82A1F97F9003C8A57 /* Base */,
			);
			name = LaunchScreen.storyboard;
			sourceTree = "<group>";
		};
/* End PBXVariantGroup section */

/* Begin XCBuildConfiguration section */
		38E789112A1F97F9003C8A57 /* Debug */ = {
			isa = XCBuildConfiguration;
			buildSettings = {
				ALWAYS_SEARCH_USER_PATHS = NO;
				CLANG_ANALYZER_NONNULL = YES;
				CLANG_ANALYZER_NUMBER_OBJECT_CONVERSION = YES_AGGRESSIVE;
				CLANG_CXX_LANGUAGE_STANDARD = "gnu++20";
				CLANG_ENABLE_MODULES = YES;
				CLANG_ENABLE_OBJC_ARC = YES;
				CLANG_ENABLE_OBJC_WEAK = YES;
				CLANG_WARN_BLOCK_CAPTURE_AUTORELEASING = YES;
				CLANG_WARN_BOOL_CONVERSION = YES;
				CLANG_WARN_COMMA = YES;
				CLANG_WARN_CONSTANT_CONVERSION = YES;
				CLANG_WARN_DEPRECATED_OBJC_IMPLEMENTATIONS = YES;
				CLANG_WARN_DIRECT_OBJC_ISA_USAGE = YES_ERROR;
				CLANG_WARN_DOCUMENTATION_COMMENTS = YES;
				CLANG_WARN_EMPTY_BODY = YES;
				CLANG_WARN_ENUM_CONVERSION = YES;
				CLANG_WARN_INFINITE_RECURSION = YES;
				CLANG_WARN_INT_CONVERSION = YES;
				CLANG_WARN_NON_LITERAL_NULL_CONVERSION = YES;
				CLANG_WARN_OBJC_IMPLICIT_RETAIN_SELF = YES;
				CLANG_WARN_OBJC_LITERAL_CONVERSION = YES;
				CLANG_WARN_OBJC_ROOT_CLASS = YES_ERROR;
				CLANG_WARN_QUOTED_INCLUDE_IN_FRAMEWORK_HEADER = YES;
				CLANG_WARN_RANGE_LOOP_ANALYSIS = YES;
				CLANG_WARN_STRICT_PROTOTYPES = YES;
				CLANG_WARN_SUSPICIOUS_MOVE = YES;
				CLANG_WARN_UNGUARDED_AVAILABILITY = YES_AGGRESSIVE;
				CLANG_WARN_UNREACHABLE_CODE = YES;
				CLANG_WARN__DUPLICATE_METHOD_MATCH = YES;
				COPY_PHASE_STRIP = NO;
				DEBUG_INFORMATION_FORMAT = dwarf;
				ENABLE_STRICT_OBJC_MSGSEND = YES;
				ENABLE_TESTABILITY = YES;
				GCC_C_LANGUAGE_STANDARD = gnu11;
				GCC_DYNAMIC_NO_PIC = NO;
				GCC_NO_COMMON_BLOCKS = YES;
				GCC_OPTIMIZATION_LEVEL = 0;
				GCC_PREPROCESSOR_DEFINITIONS = (
					"DEBUG=1",
					"$(inherited)",
				);
				GCC_WARN_64_TO_32_BIT_CONVERSION = YES;
				GCC_WARN_ABOUT_RETURN_TYPE = YES_ERROR;
				GCC_WARN_UNDECLARED_SELECTOR = YES;
				GCC_WARN_UNINITIALIZED_AUTOS = YES_AGGRESSIVE;
				GCC_WARN_UNUSED_FUNCTION = YES;
				GCC_WARN_UNUSED_VARIABLE = YES;
				IPHONEOS_DEPLOYMENT_TARGET = 16.4;
				MTL_ENABLE_DEBUG_INFO = INCLUDE_SOURCE;
				MTL_FAST_MATH = YES;
				ONLY_ACTIVE_ARCH = YES;
				SDKROOT = iphoneos;
				SWIFT_ACTIVE_COMPILATION_CONDITIONS = DEBUG;
				SWIFT_OPTIMIZATION_LEVEL = "-Onone";
			};
			name = Debug;
		};
		38E789122A1F97F9003C8A57 /* Release */ = {
			isa = XCBuildConfiguration;
			buildSettings = {
				ALWAYS_SEARCH_USER_PATHS = NO;
				CLANG_ANALYZER_NONNULL = YES;
				CLANG_ANALYZER_NUMBER_OBJECT_CONVERSION = YES_AGGRESSIVE;
				CLANG_CXX_LANGUAGE_STANDARD = "gnu++20";
				CLANG_ENABLE_MODULES = YES;
				CLANG_ENABLE_OBJC_ARC = YES;
				CLANG_ENABLE_OBJC_WEAK = YES;
				CLANG_WARN_BLOCK_CAPTURE_AUTORELEASING = YES;
				CLANG_WARN_BOOL_CONVERSION = YES;
				CLANG_WARN_COMMA = YES;
				CLANG_WARN_CONSTANT_CONVERSION = YES;
				CLANG_WARN_DEPRECATED_OBJC_IMPLEMENTATIONS = YES;
				CLANG_WARN_DIRECT_OBJC_ISA_USAGE = YES_ERROR;
				CLANG_WARN_DOCUMENTATION_COMMENTS = YES;
				CLANG_WARN_EMPTY_BODY = YES;
				CLANG_WARN_ENUM_CONVERSION = YES;
				CLANG_WARN_INFINITE_RECURSION = YES;
				CLANG_WARN_INT_CONVERSION = YES;
				CLANG_WARN_NON_LITERAL_NULL_CONVERSION = YES;
				CLANG_WARN_OBJC_IMPLICIT_RETAIN_SELF = YES;
				CLANG_WARN_OBJC_LITERAL_CONVERSION = YES;
				CLANG_WARN_OBJC_ROOT_CLASS = YES_ERROR;
				CLANG_WARN_QUOTED_INCLUDE_IN_FRAMEWORK_HEADER = YES;
				CLANG_WARN_RANGE_LOOP_ANALYSIS = YES;
				CLANG_WARN_STRICT_PROTOTYPES = YES;
				CLANG_WARN_SUSPICIOUS_MOVE = YES;
				CLANG_WARN_UNGUARDED_AVAILABILITY = YES_AGGRESSIVE;
				CLANG_WARN_UNREACHABLE_CODE = YES;
				CLANG_WARN__DUPLICATE_METHOD_MATCH = YES;
				COPY_PHASE_STRIP = NO;
				DEBUG_INFORMATION_FORMAT = "dwarf-with-dsym";
				ENABLE_NS_ASSERTIONS = NO;
				ENABLE_STRICT_OBJC_MSGSEND = YES;
				GCC_C_LANGUAGE_STANDARD = gnu11;
				GCC_NO_COMMON_BLOCKS = YES;
				GCC_WARN_64_TO_32_BIT_CONVERSION = YES;
				GCC_WARN_ABOUT_RETURN_TYPE = YES_ERROR;
				GCC_WARN_UNDECLARED_SELECTOR = YES;
				GCC_WARN_UNINITIALIZED_AUTOS = YES_AGGRESSIVE;
				GCC_WARN_UNUSED_FUNCTION = YES;
				GCC_WARN_UNUSED_VARIABLE = YES;
				IPHONEOS_DEPLOYMENT_TARGET = 16.4;
				MTL_ENABLE_DEBUG_INFO = NO;
				MTL_FAST_MATH = YES;
				SDKROOT = iphoneos;
				SWIFT_COMPILATION_MODE = wholemodule;
				SWIFT_OPTIMIZATION_LEVEL = "-O";
				VALIDATE_PRODUCT = YES;
			};
			name = Release;
		};
		38E789142A1F97F9003C8A57 /* Debug */ = {
			isa = XCBuildConfiguration;
			baseConfigurationReference = D649B80AA59DA7E6C487BFB6 /* Pods-LeBaluchon.debug.xcconfig */;
			buildSettings = {
				ASSETCATALOG_COMPILER_APPICON_NAME = AppIcon;
				ASSETCATALOG_COMPILER_GLOBAL_ACCENT_COLOR_NAME = AccentColor;
				CODE_SIGN_STYLE = Automatic;
				CURRENT_PROJECT_VERSION = 1;
				DEVELOPMENT_TEAM = VZ899C4D4A;
				GENERATE_INFOPLIST_FILE = YES;
				HEADER_SEARCH_PATHS = (
					"$(inherited)",
					"\"${PODS_CONFIGURATION_BUILD_DIR}/SwiftyJSON/SwiftyJSON.framework/Headers\"",
					"$(SRCROOT)/Pods/**",
				);
				INFOPLIST_FILE = LeBaluchon/Info.plist;
				INFOPLIST_KEY_CFBundleDisplayName = LeBaluchon;
				INFOPLIST_KEY_LSApplicationCategoryType = "public.app-category.travel";
				INFOPLIST_KEY_UIApplicationSupportsIndirectInputEvents = YES;
				INFOPLIST_KEY_UILaunchStoryboardName = LaunchScreen;
				INFOPLIST_KEY_UIMainStoryboardFile = Main;
				INFOPLIST_KEY_UISupportedInterfaceOrientations = UIInterfaceOrientationPortrait;
				INFOPLIST_KEY_UISupportedInterfaceOrientations_iPad = "UIInterfaceOrientationPortrait UIInterfaceOrientationPortraitUpsideDown";
				LD_RUNPATH_SEARCH_PATHS = (
					"$(inherited)",
					"@executable_path/Frameworks",
				);
				MARKETING_VERSION = 1.0;
				PRODUCT_BUNDLE_IDENTIFIER = com.liliangrasset.LeBaluchon;
				PRODUCT_NAME = "$(TARGET_NAME)";
				SWIFT_EMIT_LOC_STRINGS = YES;
				SWIFT_VERSION = 5.0;
				TARGETED_DEVICE_FAMILY = "1,2";
			};
			name = Debug;
		};
		38E789152A1F97F9003C8A57 /* Release */ = {
			isa = XCBuildConfiguration;
			baseConfigurationReference = 2B28922A29E69B5B9D962B05 /* Pods-LeBaluchon.release.xcconfig */;
			buildSettings = {
				ASSETCATALOG_COMPILER_APPICON_NAME = AppIcon;
				ASSETCATALOG_COMPILER_GLOBAL_ACCENT_COLOR_NAME = AccentColor;
				CODE_SIGN_STYLE = Automatic;
				CURRENT_PROJECT_VERSION = 1;
				DEVELOPMENT_TEAM = VZ899C4D4A;
				GENERATE_INFOPLIST_FILE = YES;
				HEADER_SEARCH_PATHS = (
					"$(inherited)",
					"\"${PODS_CONFIGURATION_BUILD_DIR}/SwiftyJSON/SwiftyJSON.framework/Headers\"",
					"$(SRCROOT)/Pods/**",
				);
				INFOPLIST_FILE = LeBaluchon/Info.plist;
				INFOPLIST_KEY_CFBundleDisplayName = LeBaluchon;
				INFOPLIST_KEY_LSApplicationCategoryType = "public.app-category.travel";
				INFOPLIST_KEY_UIApplicationSupportsIndirectInputEvents = YES;
				INFOPLIST_KEY_UILaunchStoryboardName = LaunchScreen;
				INFOPLIST_KEY_UIMainStoryboardFile = Main;
				INFOPLIST_KEY_UISupportedInterfaceOrientations = UIInterfaceOrientationPortrait;
				INFOPLIST_KEY_UISupportedInterfaceOrientations_iPad = "UIInterfaceOrientationPortrait UIInterfaceOrientationPortraitUpsideDown";
				LD_RUNPATH_SEARCH_PATHS = (
					"$(inherited)",
					"@executable_path/Frameworks",
				);
				MARKETING_VERSION = 1.0;
				PRODUCT_BUNDLE_IDENTIFIER = com.liliangrasset.LeBaluchon;
				PRODUCT_NAME = "$(TARGET_NAME)";
				SWIFT_EMIT_LOC_STRINGS = YES;
				SWIFT_VERSION = 5.0;
				TARGETED_DEVICE_FAMILY = "1,2";
			};
			name = Release;
		};
		38E789172A1F97F9003C8A57 /* Debug */ = {
			isa = XCBuildConfiguration;
			baseConfigurationReference = EF508E53222BFD5137FBBBA7 /* Pods-LeBaluchonTests.debug.xcconfig */;
			buildSettings = {
				ALWAYS_EMBED_SWIFT_STANDARD_LIBRARIES = YES;
				BUNDLE_LOADER = "$(TEST_HOST)";
				CODE_SIGN_STYLE = Automatic;
				CURRENT_PROJECT_VERSION = 1;
				DEVELOPMENT_TEAM = VZ899C4D4A;
				GENERATE_INFOPLIST_FILE = YES;
				IPHONEOS_DEPLOYMENT_TARGET = 16.4;
				MARKETING_VERSION = 1.0;
				PRODUCT_BUNDLE_IDENTIFIER = com.liliangrasset.LeBaluchonTests;
				PRODUCT_NAME = "$(TARGET_NAME)";
				SWIFT_EMIT_LOC_STRINGS = NO;
				SWIFT_VERSION = 5.0;
				TARGETED_DEVICE_FAMILY = "1,2";
				TEST_HOST = "$(BUILT_PRODUCTS_DIR)/LeBaluchon.app/$(BUNDLE_EXECUTABLE_FOLDER_PATH)/LeBaluchon";
			};
			name = Debug;
		};
		38E789182A1F97F9003C8A57 /* Release */ = {
			isa = XCBuildConfiguration;
			baseConfigurationReference = E6C76C581FDB5FF840EDA7D5 /* Pods-LeBaluchonTests.release.xcconfig */;
			buildSettings = {
				ALWAYS_EMBED_SWIFT_STANDARD_LIBRARIES = YES;
				BUNDLE_LOADER = "$(TEST_HOST)";
				CODE_SIGN_STYLE = Automatic;
				CURRENT_PROJECT_VERSION = 1;
				DEVELOPMENT_TEAM = VZ899C4D4A;
				GENERATE_INFOPLIST_FILE = YES;
				IPHONEOS_DEPLOYMENT_TARGET = 16.4;
				MARKETING_VERSION = 1.0;
				PRODUCT_BUNDLE_IDENTIFIER = com.liliangrasset.LeBaluchonTests;
				PRODUCT_NAME = "$(TARGET_NAME)";
				SWIFT_EMIT_LOC_STRINGS = NO;
				SWIFT_VERSION = 5.0;
				TARGETED_DEVICE_FAMILY = "1,2";
				TEST_HOST = "$(BUILT_PRODUCTS_DIR)/LeBaluchon.app/$(BUNDLE_EXECUTABLE_FOLDER_PATH)/LeBaluchon";
			};
			name = Release;
		};
/* End XCBuildConfiguration section */

/* Begin XCConfigurationList section */
		38E788E42A1F97F8003C8A57 /* Build configuration list for PBXProject "LeBaluchon" */ = {
			isa = XCConfigurationList;
			buildConfigurations = (
				38E789112A1F97F9003C8A57 /* Debug */,
				38E789122A1F97F9003C8A57 /* Release */,
			);
			defaultConfigurationIsVisible = 0;
			defaultConfigurationName = Release;
		};
		38E789132A1F97F9003C8A57 /* Build configuration list for PBXNativeTarget "LeBaluchon" */ = {
			isa = XCConfigurationList;
			buildConfigurations = (
				38E789142A1F97F9003C8A57 /* Debug */,
				38E789152A1F97F9003C8A57 /* Release */,
			);
			defaultConfigurationIsVisible = 0;
			defaultConfigurationName = Release;
		};
		38E789162A1F97F9003C8A57 /* Build configuration list for PBXNativeTarget "LeBaluchonTests" */ = {
			isa = XCConfigurationList;
			buildConfigurations = (
				38E789172A1F97F9003C8A57 /* Debug */,
				38E789182A1F97F9003C8A57 /* Release */,
			);
			defaultConfigurationIsVisible = 0;
			defaultConfigurationName = Release;
		};
/* End XCConfigurationList section */
	};
	rootObject = 38E788E12A1F97F8003C8A57 /* Project object */;
}
